
Microsoft Visual Studio Solution File, Format Version 12.00
# Visual Studio Version 17
VisualStudioVersion = 17.6.33712.159
MinimumVisualStudioVersion = 10.0.40219.1
Project("{FAE04EC0-301F-11D3-BF4B-00C04F79EFBC}") = "AlgorandARC76AccountDotNet", "AlgorandARC76AccountDotNet\AlgorandARC76AccountDotNet.csproj", "{DB78DA91-E524-48B4-8507-78F8DDFBF01E}"
EndProject
Project("{FAE04EC0-301F-11D3-BF4B-00C04F79EFBC}") = "TestARC76", "TestARC76\TestARC76.csproj", "{26232B66-97A8-4879-B15A-EB3FC412D00C}"
EndProject
Global
	GlobalSection(SolutionConfigurationPlatforms) = preSolution
		Debug|Any CPU = Debug|Any CPU
		Release|Any CPU = Release|Any CPU
	EndGlobalSection
	GlobalSection(ProjectConfigurationPlatforms) = postSolution
		{DB78DA91-E524-48B4-8507-78F8DDFBF01E}.Debug|Any CPU.ActiveCfg = Debug|Any CPU
		{DB78DA91-E524-48B4-8507-78F8DDFBF01E}.Debug|Any CPU.Build.0 = Debug|Any CPU
		{DB78DA91-E524-48B4-8507-78F8DDFBF01E}.Release|Any CPU.ActiveCfg = Release|Any CPU
		{DB78DA91-E524-48B4-8507-78F8DDFBF01E}.Release|Any CPU.Build.0 = Release|Any CPU
		{26232B66-97A8-4879-B15A-EB3FC412D00C}.Debug|Any CPU.ActiveCfg = Debug|Any CPU
		{26232B66-97A8-4879-B15A-EB3FC412D00C}.Debug|Any CPU.Build.0 = Debug|Any CPU
		{26232B66-97A8-4879-B15A-EB3FC412D00C}.Release|Any CPU.ActiveCfg = Release|Any CPU
		{26232B66-97A8-4879-B15A-EB3FC412D00C}.Release|Any CPU.Build.0 = Release|Any CPU
	EndGlobalSection
	GlobalSection(SolutionProperties) = preSolution
		HideSolutionNode = FALSE
	EndGlobalSection
	GlobalSection(ExtensibilityGlobals) = postSolution
		SolutionGuid = {5B0DB1B6-7F43-4595-BF6B-CD97C1A06D2A}
	EndGlobalSection
EndGlobal
